// !$*UTF8*$!
{
	archiveVersion = 1;
	classes = {
	};
	objectVersion = 46;
	objects = {

/* Begin PBXBuildFile section */
		40875DF9F44294C2A889FBFC /* Pods.framework in Frameworks */ = {isa = PBXBuildFile; fileRef = 7A6AF1798DDD888B0BEABD3A /* Pods.framework */; };
		420080261C5A458B009009E8 /* SoundaramaTests.swift in Sources */ = {isa = PBXBuildFile; fileRef = 420080251C5A458B009009E8 /* SoundaramaTests.swift */; };
		420080371C5BAD50009009E8 /* SoundaramaDependencies.swift in Sources */ = {isa = PBXBuildFile; fileRef = 420080361C5BAD50009009E8 /* SoundaramaDependencies.swift */; };
		420080391C5BCA44009009E8 /* Suite.swift in Sources */ = {isa = PBXBuildFile; fileRef = 420080381C5BCA44009009E8 /* Suite.swift */; };
		4200803B1C5BD289009009E8 /* SuiteStore.swift in Sources */ = {isa = PBXBuildFile; fileRef = 4200803A1C5BD289009009E8 /* SuiteStore.swift */; };
		4200803E1C5BD5A3009009E8 /* UIDevice.swift in Sources */ = {isa = PBXBuildFile; fileRef = 4200803D1C5BD5A3009009E8 /* UIDevice.swift */; };
		420AA6991C55055F00F7BB25 /* DecideStoryboard.storyboard in Resources */ = {isa = PBXBuildFile; fileRef = 420AA6981C55055F00F7BB25 /* DecideStoryboard.storyboard */; };
		420AA69F1C550B1700F7BB25 /* DecideViewController.swift in Sources */ = {isa = PBXBuildFile; fileRef = 420AA69E1C550B1700F7BB25 /* DecideViewController.swift */; };
		420AA6A51C551AB300F7BB25 /* PerformerStoryboard.storyboard in Resources */ = {isa = PBXBuildFile; fileRef = 420AA6A41C551AB300F7BB25 /* PerformerStoryboard.storyboard */; };
		420AA6A71C551C8600F7BB25 /* PerformerViewController.swift in Sources */ = {isa = PBXBuildFile; fileRef = 420AA6A61C551C8600F7BB25 /* PerformerViewController.swift */; };
		420AA6A91C55236F00F7BB25 /* DecideUserInterface.swift in Sources */ = {isa = PBXBuildFile; fileRef = 420AA6A81C55236F00F7BB25 /* DecideUserInterface.swift */; };
		420AA6AB1C55288E00F7BB25 /* DecideWireframe.swift in Sources */ = {isa = PBXBuildFile; fileRef = 420AA6AA1C55288E00F7BB25 /* DecideWireframe.swift */; };
		420AA6AD1C55296E00F7BB25 /* DecidePresenter.swift in Sources */ = {isa = PBXBuildFile; fileRef = 420AA6AC1C55296E00F7BB25 /* DecidePresenter.swift */; };
		421468551C56345700892786 /* TP2P.swift in Sources */ = {isa = PBXBuildFile; fileRef = 421468541C56345700892786 /* TP2P.swift */; };
		421468571C56404C00892786 /* DJUserInterface.swift in Sources */ = {isa = PBXBuildFile; fileRef = 421468561C56404C00892786 /* DJUserInterface.swift */; };
		4214685A1C56474F00892786 /* PerformerConnectionAdapter.swift in Sources */ = {isa = PBXBuildFile; fileRef = 421468591C56474F00892786 /* PerformerConnectionAdapter.swift */; };
		421468611C56672500892786 /* Serialisation.swift in Sources */ = {isa = PBXBuildFile; fileRef = 421468601C56672500892786 /* Serialisation.swift */; };
		421468641C567E9600892786 /* SearchStrategy.swift in Sources */ = {isa = PBXBuildFile; fileRef = 421468631C567E9600892786 /* SearchStrategy.swift */; };
		421468661C56831F00892786 /* BroadcastStrategy.swift in Sources */ = {isa = PBXBuildFile; fileRef = 421468651C56831F00892786 /* BroadcastStrategy.swift */; };
		421468681C568EC600892786 /* SocketEndpoint.swift in Sources */ = {isa = PBXBuildFile; fileRef = 421468671C568EC600892786 /* SocketEndpoint.swift */; };
		4249B5961C578A160096872D /* BroadcastSocketEndpoint.swift in Sources */ = {isa = PBXBuildFile; fileRef = 4249B5951C578A160096872D /* BroadcastSocketEndpoint.swift */; };
		4249B5981C578A5A0096872D /* SearchSocketEndpoint.swift in Sources */ = {isa = PBXBuildFile; fileRef = 4249B5971C578A5A0096872D /* SearchSocketEndpoint.swift */; };
		4249B59B1C5792490096872D /* Message.swift in Sources */ = {isa = PBXBuildFile; fileRef = 4249B59A1C5792490096872D /* Message.swift */; };
		4249B59D1C5797920096872D /* ChristiansTimeServer.swift in Sources */ = {isa = PBXBuildFile; fileRef = 4249B59C1C5797920096872D /* ChristiansTimeServer.swift */; };
		4249B59F1C57979E0096872D /* ChristiansProcess.swift in Sources */ = {isa = PBXBuildFile; fileRef = 4249B59E1C57979E0096872D /* ChristiansProcess.swift */; };
		426A26E31C720BE8003FE38D /* AppDelegate.swift in Sources */ = {isa = PBXBuildFile; fileRef = 426A26E21C720BE8003FE38D /* AppDelegate.swift */; };
		4280C0D81C5D1A8A00B2C9B3 /* MessageTransformer.swift in Sources */ = {isa = PBXBuildFile; fileRef = 4280C0D71C5D1A8A00B2C9B3 /* MessageTransformer.swift */; };
		4280C0DA1C5D25DC00B2C9B3 /* MessageTransformerTests.swift in Sources */ = {isa = PBXBuildFile; fileRef = 4280C0D91C5D25DC00B2C9B3 /* MessageTransformerTests.swift */; };
		4280C0DD1C5D4CAD00B2C9B3 /* MessageLogger.swift in Sources */ = {isa = PBXBuildFile; fileRef = 4280C0DC1C5D4CAD00B2C9B3 /* MessageLogger.swift */; };
		4280C0DF1C5D522700B2C9B3 /* Int.swift in Sources */ = {isa = PBXBuildFile; fileRef = 4280C0DE1C5D522700B2C9B3 /* Int.swift */; };
		42A727A21C552C4800BFCA47 /* DJStoryboard.storyboard in Resources */ = {isa = PBXBuildFile; fileRef = 42A727A11C552C4800BFCA47 /* DJStoryboard.storyboard */; };
		42A727A41C552D0200BFCA47 /* PerformerWireframe.swift in Sources */ = {isa = PBXBuildFile; fileRef = 42A727A31C552D0200BFCA47 /* PerformerWireframe.swift */; };
		42A727A61C552D3800BFCA47 /* PerformerPresenter.swift in Sources */ = {isa = PBXBuildFile; fileRef = 42A727A51C552D3800BFCA47 /* PerformerPresenter.swift */; };
		42A727A81C552D5D00BFCA47 /* PerformerModule.swift in Sources */ = {isa = PBXBuildFile; fileRef = 42A727A71C552D5D00BFCA47 /* PerformerModule.swift */; };
		42A727AA1C552D9400BFCA47 /* PerformerInteractor.swift in Sources */ = {isa = PBXBuildFile; fileRef = 42A727A91C552D9400BFCA47 /* PerformerInteractor.swift */; };
		42A727AC1C552DCA00BFCA47 /* DecideModule.swift in Sources */ = {isa = PBXBuildFile; fileRef = 42A727AB1C552DCA00BFCA47 /* DecideModule.swift */; };
		42A727AE1C552DDF00BFCA47 /* DecideInteractor.swift in Sources */ = {isa = PBXBuildFile; fileRef = 42A727AD1C552DDF00BFCA47 /* DecideInteractor.swift */; };
		42A727B01C552E2800BFCA47 /* DJModule.swift in Sources */ = {isa = PBXBuildFile; fileRef = 42A727AF1C552E2800BFCA47 /* DJModule.swift */; };
		42A727B21C552E5D00BFCA47 /* DJWireframe.swift in Sources */ = {isa = PBXBuildFile; fileRef = 42A727B11C552E5D00BFCA47 /* DJWireframe.swift */; };
		42A727B41C552E7400BFCA47 /* DJPresenter.swift in Sources */ = {isa = PBXBuildFile; fileRef = 42A727B31C552E7400BFCA47 /* DJPresenter.swift */; };
		42A727B61C552E8D00BFCA47 /* DJInteractor.swift in Sources */ = {isa = PBXBuildFile; fileRef = 42A727B51C552E8D00BFCA47 /* DJInteractor.swift */; };
		42A727B81C5537CF00BFCA47 /* PerformerUseCase.swift in Sources */ = {isa = PBXBuildFile; fileRef = 42A727B71C5537CF00BFCA47 /* PerformerUseCase.swift */; };
		42A727BD1C553B8900BFCA47 /* PerformerUserInterface.swift in Sources */ = {isa = PBXBuildFile; fileRef = 42A727BC1C553B8900BFCA47 /* PerformerUserInterface.swift */; };
		42AFC6571C554F5A00AD4B9B /* DJUseCase.swift in Sources */ = {isa = PBXBuildFile; fileRef = 42AFC6561C554F5A00AD4B9B /* DJUseCase.swift */; };
		42AFC6631C55802000AD4B9B /* ReadableMessageAdapter.swift in Sources */ = {isa = PBXBuildFile; fileRef = 42AFC6621C55802000AD4B9B /* ReadableMessageAdapter.swift */; };
		42AFC6651C55805300AD4B9B /* WriteableMessageAdapter.swift in Sources */ = {isa = PBXBuildFile; fileRef = 42AFC6641C55805300AD4B9B /* WriteableMessageAdapter.swift */; };
		42C45A861C57DF2100888EA8 /* AudioStemStore.swift in Sources */ = {isa = PBXBuildFile; fileRef = 42C45A851C57DF2100888EA8 /* AudioStemStore.swift */; };
		42C45A881C58CA8C00888EA8 /* DJViewController.swift in Sources */ = {isa = PBXBuildFile; fileRef = 42C45A871C58CA8C00888EA8 /* DJViewController.swift */; };
		42E49DAE1C58F20D00B9C127 /* SoundZoneCollectionViewCell.swift in Sources */ = {isa = PBXBuildFile; fileRef = 42E49DAD1C58F20D00B9C127 /* SoundZoneCollectionViewCell.swift */; };
		42E81E8F1C5E37E100A9FC57 /* SuiteStoreTests.swift in Sources */ = {isa = PBXBuildFile; fileRef = 42E81E8E1C5E37E100A9FC57 /* SuiteStoreTests.swift */; };
		42E8BE201C54FF470034F1C8 /* Soundarama.swift in Sources */ = {isa = PBXBuildFile; fileRef = 42E8BE1F1C54FF470034F1C8 /* Soundarama.swift */; };
		42F90EE81C5D74280010F1C5 /* UIColor.swift in Sources */ = {isa = PBXBuildFile; fileRef = 42F90EE71C5D74280010F1C5 /* UIColor.swift */; };
		42F90EEA1C5D74920010F1C5 /* UIFont.swift in Sources */ = {isa = PBXBuildFile; fileRef = 42F90EE91C5D74920010F1C5 /* UIFont.swift */; };
		42F90EEC1C5E23790010F1C5 /* Set.swift in Sources */ = {isa = PBXBuildFile; fileRef = 42F90EEB1C5E23790010F1C5 /* Set.swift */; };
		DFBAD41F1C64C346004C1D47 /* SpringMesh.swift in Sources */ = {isa = PBXBuildFile; fileRef = DFBAD41E1C64C346004C1D47 /* SpringMesh.swift */; };
		E20B94681C1753B900222A2B /* Assets.xcassets in Resources */ = {isa = PBXBuildFile; fileRef = E20B94641C1753B900222A2B /* Assets.xcassets */; };
		E20B946C1C1753C800222A2B /* LaunchScreen.storyboard in Resources */ = {isa = PBXBuildFile; fileRef = E20B946A1C1753C800222A2B /* LaunchScreen.storyboard */; };
		E20B94811C17541E00222A2B /* AudioController.mm in Sources */ = {isa = PBXBuildFile; fileRef = E20B94761C17541E00222A2B /* AudioController.mm */; };
		E20B94841C17541E00222A2B /* VolumeControl.m in Sources */ = {isa = PBXBuildFile; fileRef = E20B947A1C17541E00222A2B /* VolumeControl.m */; };
		E20B94931C188BF700222A2B /* SoundZoneView.swift in Sources */ = {isa = PBXBuildFile; fileRef = E20B94921C188BF700222A2B /* SoundZoneView.swift */; };
		E25F9E0E1C19D7B2001D552F /* Sounds in Resources */ = {isa = PBXBuildFile; fileRef = E25F9E0D1C19D7B2001D552F /* Sounds */; };
		E26EBA951C18A10A00747726 /* AudioStemsViewController.swift in Sources */ = {isa = PBXBuildFile; fileRef = E26EBA941C18A10A00747726 /* AudioStemsViewController.swift */; };
		E26EBA981C18A3A000747726 /* SwiftyJSON.swift in Sources */ = {isa = PBXBuildFile; fileRef = E26EBA971C18A3A000747726 /* SwiftyJSON.swift */; };
		E26EBA9A1C18A4E600747726 /* UIColor+Hex.swift in Sources */ = {isa = PBXBuildFile; fileRef = E26EBA991C18A4E600747726 /* UIColor+Hex.swift */; };
		E26EBAA31C18AF4700747726 /* Localizable.strings in Resources */ = {isa = PBXBuildFile; fileRef = E26EBAA21C18AF4700747726 /* Localizable.strings */; };
		E26EBAAB1C18C22200747726 /* PerformerView.swift in Sources */ = {isa = PBXBuildFile; fileRef = E26EBAAA1C18C22200747726 /* PerformerView.swift */; };
		E26EBAB41C199DC000747726 /* PerformerAudioController.swift in Sources */ = {isa = PBXBuildFile; fileRef = E26EBAB31C199DC000747726 /* PerformerAudioController.swift */; };
/* End PBXBuildFile section */

/* Begin PBXContainerItemProxy section */
		420080281C5A458B009009E8 /* PBXContainerItemProxy */ = {
			isa = PBXContainerItemProxy;
			containerPortal = E25279BA1BF606C8008B4690 /* Project object */;
			proxyType = 1;
			remoteGlobalIDString = E25279C11BF606C8008B4690;
			remoteInfo = Soundarama;
		};
/* End PBXContainerItemProxy section */

/* Begin PBXCopyFilesBuildPhase section */
		E2527A2F1BF638A9008B4690 /* CopyFiles */ = {
			isa = PBXCopyFilesBuildPhase;
			buildActionMask = 2147483647;
			dstPath = "";
			dstSubfolderSpec = 10;
			files = (
			);
			runOnlyForDeploymentPostprocessing = 0;
		};
/* End PBXCopyFilesBuildPhase section */

/* Begin PBXFileReference section */
		420080231C5A458B009009E8 /* SoundaramaTests.xctest */ = {isa = PBXFileReference; explicitFileType = wrapper.cfbundle; includeInIndex = 0; path = SoundaramaTests.xctest; sourceTree = BUILT_PRODUCTS_DIR; };
		420080251C5A458B009009E8 /* SoundaramaTests.swift */ = {isa = PBXFileReference; lastKnownFileType = sourcecode.swift; path = SoundaramaTests.swift; sourceTree = "<group>"; };
		420080271C5A458B009009E8 /* Info.plist */ = {isa = PBXFileReference; lastKnownFileType = text.plist.xml; path = Info.plist; sourceTree = "<group>"; };
		420080361C5BAD50009009E8 /* SoundaramaDependencies.swift */ = {isa = PBXFileReference; fileEncoding = 4; lastKnownFileType = sourcecode.swift; path = SoundaramaDependencies.swift; sourceTree = "<group>"; };
		420080381C5BCA44009009E8 /* Suite.swift */ = {isa = PBXFileReference; fileEncoding = 4; lastKnownFileType = sourcecode.swift; path = Suite.swift; sourceTree = "<group>"; };
		4200803A1C5BD289009009E8 /* SuiteStore.swift */ = {isa = PBXFileReference; fileEncoding = 4; lastKnownFileType = sourcecode.swift; path = SuiteStore.swift; sourceTree = "<group>"; };
		4200803D1C5BD5A3009009E8 /* UIDevice.swift */ = {isa = PBXFileReference; fileEncoding = 4; lastKnownFileType = sourcecode.swift; path = UIDevice.swift; sourceTree = "<group>"; };
		420AA6981C55055F00F7BB25 /* DecideStoryboard.storyboard */ = {isa = PBXFileReference; fileEncoding = 4; lastKnownFileType = file.storyboard; path = DecideStoryboard.storyboard; sourceTree = "<group>"; };
		420AA69E1C550B1700F7BB25 /* DecideViewController.swift */ = {isa = PBXFileReference; fileEncoding = 4; lastKnownFileType = sourcecode.swift; path = DecideViewController.swift; sourceTree = "<group>"; };
		420AA6A41C551AB300F7BB25 /* PerformerStoryboard.storyboard */ = {isa = PBXFileReference; fileEncoding = 4; lastKnownFileType = file.storyboard; path = PerformerStoryboard.storyboard; sourceTree = "<group>"; };
		420AA6A61C551C8600F7BB25 /* PerformerViewController.swift */ = {isa = PBXFileReference; fileEncoding = 4; lastKnownFileType = sourcecode.swift; path = PerformerViewController.swift; sourceTree = "<group>"; };
		420AA6A81C55236F00F7BB25 /* DecideUserInterface.swift */ = {isa = PBXFileReference; fileEncoding = 4; lastKnownFileType = sourcecode.swift; path = DecideUserInterface.swift; sourceTree = "<group>"; };
		420AA6AA1C55288E00F7BB25 /* DecideWireframe.swift */ = {isa = PBXFileReference; fileEncoding = 4; lastKnownFileType = sourcecode.swift; path = DecideWireframe.swift; sourceTree = "<group>"; };
		420AA6AC1C55296E00F7BB25 /* DecidePresenter.swift */ = {isa = PBXFileReference; fileEncoding = 4; lastKnownFileType = sourcecode.swift; path = DecidePresenter.swift; sourceTree = "<group>"; };
		421468541C56345700892786 /* TP2P.swift */ = {isa = PBXFileReference; fileEncoding = 4; lastKnownFileType = sourcecode.swift; path = TP2P.swift; sourceTree = "<group>"; };
		421468561C56404C00892786 /* DJUserInterface.swift */ = {isa = PBXFileReference; fileEncoding = 4; lastKnownFileType = sourcecode.swift; path = DJUserInterface.swift; sourceTree = "<group>"; };
		421468591C56474F00892786 /* PerformerConnectionAdapter.swift */ = {isa = PBXFileReference; fileEncoding = 4; lastKnownFileType = sourcecode.swift; path = PerformerConnectionAdapter.swift; sourceTree = "<group>"; };
		421468601C56672500892786 /* Serialisation.swift */ = {isa = PBXFileReference; fileEncoding = 4; lastKnownFileType = sourcecode.swift; path = Serialisation.swift; sourceTree = "<group>"; };
		421468631C567E9600892786 /* SearchStrategy.swift */ = {isa = PBXFileReference; fileEncoding = 4; lastKnownFileType = sourcecode.swift; path = SearchStrategy.swift; sourceTree = "<group>"; };
		421468651C56831F00892786 /* BroadcastStrategy.swift */ = {isa = PBXFileReference; fileEncoding = 4; lastKnownFileType = sourcecode.swift; path = BroadcastStrategy.swift; sourceTree = "<group>"; };
		421468671C568EC600892786 /* SocketEndpoint.swift */ = {isa = PBXFileReference; fileEncoding = 4; lastKnownFileType = sourcecode.swift; path = SocketEndpoint.swift; sourceTree = "<group>"; };
		4249B5951C578A160096872D /* BroadcastSocketEndpoint.swift */ = {isa = PBXFileReference; fileEncoding = 4; lastKnownFileType = sourcecode.swift; path = BroadcastSocketEndpoint.swift; sourceTree = "<group>"; };
		4249B5971C578A5A0096872D /* SearchSocketEndpoint.swift */ = {isa = PBXFileReference; fileEncoding = 4; lastKnownFileType = sourcecode.swift; path = SearchSocketEndpoint.swift; sourceTree = "<group>"; };
		4249B59A1C5792490096872D /* Message.swift */ = {isa = PBXFileReference; fileEncoding = 4; lastKnownFileType = sourcecode.swift; path = Message.swift; sourceTree = "<group>"; };
		4249B59C1C5797920096872D /* ChristiansTimeServer.swift */ = {isa = PBXFileReference; fileEncoding = 4; lastKnownFileType = sourcecode.swift; path = ChristiansTimeServer.swift; sourceTree = "<group>"; };
		4249B59E1C57979E0096872D /* ChristiansProcess.swift */ = {isa = PBXFileReference; fileEncoding = 4; lastKnownFileType = sourcecode.swift; path = ChristiansProcess.swift; sourceTree = "<group>"; };
		426A26E21C720BE8003FE38D /* AppDelegate.swift */ = {isa = PBXFileReference; fileEncoding = 4; lastKnownFileType = sourcecode.swift; name = AppDelegate.swift; path = Classes/AppDelegate.swift; sourceTree = "<group>"; };
		4280C0D71C5D1A8A00B2C9B3 /* MessageTransformer.swift */ = {isa = PBXFileReference; fileEncoding = 4; lastKnownFileType = sourcecode.swift; path = MessageTransformer.swift; sourceTree = "<group>"; };
		4280C0D91C5D25DC00B2C9B3 /* MessageTransformerTests.swift */ = {isa = PBXFileReference; fileEncoding = 4; lastKnownFileType = sourcecode.swift; path = MessageTransformerTests.swift; sourceTree = "<group>"; };
		4280C0DC1C5D4CAD00B2C9B3 /* MessageLogger.swift */ = {isa = PBXFileReference; fileEncoding = 4; lastKnownFileType = sourcecode.swift; path = MessageLogger.swift; sourceTree = "<group>"; };
		4280C0DE1C5D522700B2C9B3 /* Int.swift */ = {isa = PBXFileReference; fileEncoding = 4; lastKnownFileType = sourcecode.swift; path = Int.swift; sourceTree = "<group>"; };
		42A727A11C552C4800BFCA47 /* DJStoryboard.storyboard */ = {isa = PBXFileReference; fileEncoding = 4; lastKnownFileType = file.storyboard; path = DJStoryboard.storyboard; sourceTree = "<group>"; };
		42A727A31C552D0200BFCA47 /* PerformerWireframe.swift */ = {isa = PBXFileReference; fileEncoding = 4; lastKnownFileType = sourcecode.swift; path = PerformerWireframe.swift; sourceTree = "<group>"; };
		42A727A51C552D3800BFCA47 /* PerformerPresenter.swift */ = {isa = PBXFileReference; fileEncoding = 4; lastKnownFileType = sourcecode.swift; path = PerformerPresenter.swift; sourceTree = "<group>"; };
		42A727A71C552D5D00BFCA47 /* PerformerModule.swift */ = {isa = PBXFileReference; fileEncoding = 4; lastKnownFileType = sourcecode.swift; path = PerformerModule.swift; sourceTree = "<group>"; };
		42A727A91C552D9400BFCA47 /* PerformerInteractor.swift */ = {isa = PBXFileReference; fileEncoding = 4; lastKnownFileType = sourcecode.swift; path = PerformerInteractor.swift; sourceTree = "<group>"; };
		42A727AB1C552DCA00BFCA47 /* DecideModule.swift */ = {isa = PBXFileReference; fileEncoding = 4; lastKnownFileType = sourcecode.swift; path = DecideModule.swift; sourceTree = "<group>"; };
		42A727AD1C552DDF00BFCA47 /* DecideInteractor.swift */ = {isa = PBXFileReference; fileEncoding = 4; lastKnownFileType = sourcecode.swift; path = DecideInteractor.swift; sourceTree = "<group>"; };
		42A727AF1C552E2800BFCA47 /* DJModule.swift */ = {isa = PBXFileReference; fileEncoding = 4; lastKnownFileType = sourcecode.swift; path = DJModule.swift; sourceTree = "<group>"; };
		42A727B11C552E5D00BFCA47 /* DJWireframe.swift */ = {isa = PBXFileReference; fileEncoding = 4; lastKnownFileType = sourcecode.swift; path = DJWireframe.swift; sourceTree = "<group>"; };
		42A727B31C552E7400BFCA47 /* DJPresenter.swift */ = {isa = PBXFileReference; fileEncoding = 4; lastKnownFileType = sourcecode.swift; path = DJPresenter.swift; sourceTree = "<group>"; };
		42A727B51C552E8D00BFCA47 /* DJInteractor.swift */ = {isa = PBXFileReference; fileEncoding = 4; lastKnownFileType = sourcecode.swift; path = DJInteractor.swift; sourceTree = "<group>"; };
		42A727B71C5537CF00BFCA47 /* PerformerUseCase.swift */ = {isa = PBXFileReference; fileEncoding = 4; lastKnownFileType = sourcecode.swift; path = PerformerUseCase.swift; sourceTree = "<group>"; };
		42A727BC1C553B8900BFCA47 /* PerformerUserInterface.swift */ = {isa = PBXFileReference; fileEncoding = 4; lastKnownFileType = sourcecode.swift; path = PerformerUserInterface.swift; sourceTree = "<group>"; };
		42AFC6561C554F5A00AD4B9B /* DJUseCase.swift */ = {isa = PBXFileReference; fileEncoding = 4; lastKnownFileType = sourcecode.swift; path = DJUseCase.swift; sourceTree = "<group>"; };
		42AFC6621C55802000AD4B9B /* ReadableMessageAdapter.swift */ = {isa = PBXFileReference; fileEncoding = 4; lastKnownFileType = sourcecode.swift; path = ReadableMessageAdapter.swift; sourceTree = "<group>"; };
		42AFC6641C55805300AD4B9B /* WriteableMessageAdapter.swift */ = {isa = PBXFileReference; fileEncoding = 4; lastKnownFileType = sourcecode.swift; path = WriteableMessageAdapter.swift; sourceTree = "<group>"; };
		42C45A851C57DF2100888EA8 /* AudioStemStore.swift */ = {isa = PBXFileReference; fileEncoding = 4; lastKnownFileType = sourcecode.swift; path = AudioStemStore.swift; sourceTree = "<group>"; };
		42C45A871C58CA8C00888EA8 /* DJViewController.swift */ = {isa = PBXFileReference; fileEncoding = 4; lastKnownFileType = sourcecode.swift; path = DJViewController.swift; sourceTree = "<group>"; };
		42E49DAD1C58F20D00B9C127 /* SoundZoneCollectionViewCell.swift */ = {isa = PBXFileReference; fileEncoding = 4; lastKnownFileType = sourcecode.swift; path = SoundZoneCollectionViewCell.swift; sourceTree = "<group>"; };
		42E81E8E1C5E37E100A9FC57 /* SuiteStoreTests.swift */ = {isa = PBXFileReference; fileEncoding = 4; lastKnownFileType = sourcecode.swift; path = SuiteStoreTests.swift; sourceTree = "<group>"; };
		42E8BE1F1C54FF470034F1C8 /* Soundarama.swift */ = {isa = PBXFileReference; fileEncoding = 4; lastKnownFileType = sourcecode.swift; path = Soundarama.swift; sourceTree = "<group>"; };
		42F90EE71C5D74280010F1C5 /* UIColor.swift */ = {isa = PBXFileReference; fileEncoding = 4; lastKnownFileType = sourcecode.swift; path = UIColor.swift; sourceTree = "<group>"; };
		42F90EE91C5D74920010F1C5 /* UIFont.swift */ = {isa = PBXFileReference; fileEncoding = 4; lastKnownFileType = sourcecode.swift; path = UIFont.swift; sourceTree = "<group>"; };
		42F90EEB1C5E23790010F1C5 /* Set.swift */ = {isa = PBXFileReference; fileEncoding = 4; lastKnownFileType = sourcecode.swift; path = Set.swift; sourceTree = "<group>"; };
		5A219AD37DBE00A8997FD63D /* Pods.release.xcconfig */ = {isa = PBXFileReference; includeInIndex = 1; lastKnownFileType = text.xcconfig; name = Pods.release.xcconfig; path = "Pods/Target Support Files/Pods/Pods.release.xcconfig"; sourceTree = "<group>"; };
		77BC4CC2D47B6C11CBA7895E /* Pods.debug.xcconfig */ = {isa = PBXFileReference; includeInIndex = 1; lastKnownFileType = text.xcconfig; name = Pods.debug.xcconfig; path = "Pods/Target Support Files/Pods/Pods.debug.xcconfig"; sourceTree = "<group>"; };
		7A6AF1798DDD888B0BEABD3A /* Pods.framework */ = {isa = PBXFileReference; explicitFileType = wrapper.framework; includeInIndex = 0; path = Pods.framework; sourceTree = BUILT_PRODUCTS_DIR; };
		DFBAD41E1C64C346004C1D47 /* SpringMesh.swift */ = {isa = PBXFileReference; fileEncoding = 4; lastKnownFileType = sourcecode.swift; path = SpringMesh.swift; sourceTree = "<group>"; };
		E20B94641C1753B900222A2B /* Assets.xcassets */ = {isa = PBXFileReference; lastKnownFileType = folder.assetcatalog; name = Assets.xcassets; path = Resources/Assets.xcassets; sourceTree = "<group>"; };
		E20B946B1C1753C800222A2B /* Base */ = {isa = PBXFileReference; lastKnownFileType = file.storyboard; name = Base; path = Resources/Base.lproj/LaunchScreen.storyboard; sourceTree = "<group>"; };
		E20B94751C17541E00222A2B /* AudioController.h */ = {isa = PBXFileReference; fileEncoding = 4; lastKnownFileType = sourcecode.c.h; name = AudioController.h; path = Classes/Shared/Utilities/AudioController.h; sourceTree = "<group>"; };
		E20B94761C17541E00222A2B /* AudioController.mm */ = {isa = PBXFileReference; fileEncoding = 4; lastKnownFileType = sourcecode.cpp.objcpp; name = AudioController.mm; path = Classes/Shared/Utilities/AudioController.mm; sourceTree = "<group>"; };
		E20B94791C17541E00222A2B /* VolumeControl.h */ = {isa = PBXFileReference; fileEncoding = 4; lastKnownFileType = sourcecode.c.h; name = VolumeControl.h; path = Classes/Shared/Utilities/VolumeControl.h; sourceTree = "<group>"; };
		E20B947A1C17541E00222A2B /* VolumeControl.m */ = {isa = PBXFileReference; fileEncoding = 4; lastKnownFileType = sourcecode.c.objc; name = VolumeControl.m; path = Classes/Shared/Utilities/VolumeControl.m; sourceTree = "<group>"; };
		E20B94921C188BF700222A2B /* SoundZoneView.swift */ = {isa = PBXFileReference; fileEncoding = 4; lastKnownFileType = sourcecode.swift; name = SoundZoneView.swift; path = Classes/DJ/Views/SoundZoneView.swift; sourceTree = "<group>"; };
		E25279C21BF606C8008B4690 /* Soundarama.app */ = {isa = PBXFileReference; explicitFileType = wrapper.application; includeInIndex = 0; path = Soundarama.app; sourceTree = BUILT_PRODUCTS_DIR; };
		E25279D11BF606C8008B4690 /* Info.plist */ = {isa = PBXFileReference; lastKnownFileType = text.plist.xml; path = Info.plist; sourceTree = "<group>"; };
		E25279E01BF61B23008B4690 /* Soundarama-Bridging-Header.h */ = {isa = PBXFileReference; lastKnownFileType = sourcecode.c.h; name = "Soundarama-Bridging-Header.h"; path = "Resources/Soundarama-Bridging-Header.h"; sourceTree = "<group>"; };
		E25F9E0D1C19D7B2001D552F /* Sounds */ = {isa = PBXFileReference; lastKnownFileType = folder; name = Sounds; path = Resources/Sounds; sourceTree = "<group>"; };
		E26EBA941C18A10A00747726 /* AudioStemsViewController.swift */ = {isa = PBXFileReference; fileEncoding = 4; lastKnownFileType = sourcecode.swift; name = AudioStemsViewController.swift; path = Classes/DJ/ViewControllers/AudioStemsViewController.swift; sourceTree = "<group>"; };
		E26EBA971C18A3A000747726 /* SwiftyJSON.swift */ = {isa = PBXFileReference; fileEncoding = 4; lastKnownFileType = sourcecode.swift; name = SwiftyJSON.swift; path = Frameworks/SwiftyJSON.swift; sourceTree = "<group>"; };
		E26EBA991C18A4E600747726 /* UIColor+Hex.swift */ = {isa = PBXFileReference; fileEncoding = 4; lastKnownFileType = sourcecode.swift; name = "UIColor+Hex.swift"; path = "Frameworks/UIColor+Hex.swift"; sourceTree = "<group>"; };
		E26EBAA21C18AF4700747726 /* Localizable.strings */ = {isa = PBXFileReference; fileEncoding = 4; lastKnownFileType = text.plist.strings; name = Localizable.strings; path = Resources/Localizable.strings; sourceTree = "<group>"; };
		E26EBAAA1C18C22200747726 /* PerformerView.swift */ = {isa = PBXFileReference; fileEncoding = 4; lastKnownFileType = sourcecode.swift; name = PerformerView.swift; path = Classes/DJ/Views/PerformerView.swift; sourceTree = "<group>"; };
		E26EBAB31C199DC000747726 /* PerformerAudioController.swift */ = {isa = PBXFileReference; fileEncoding = 4; lastKnownFileType = sourcecode.swift; name = PerformerAudioController.swift; path = Classes/Performer/Utilities/PerformerAudioController.swift; sourceTree = "<group>"; };
/* End PBXFileReference section */

/* Begin PBXFrameworksBuildPhase section */
		420080201C5A458B009009E8 /* Frameworks */ = {
			isa = PBXFrameworksBuildPhase;
			buildActionMask = 2147483647;
			files = (
			);
			runOnlyForDeploymentPostprocessing = 0;
		};
		E25279BF1BF606C8008B4690 /* Frameworks */ = {
			isa = PBXFrameworksBuildPhase;
			buildActionMask = 2147483647;
			files = (
				40875DF9F44294C2A889FBFC /* Pods.framework in Frameworks */,
			);
			runOnlyForDeploymentPostprocessing = 0;
		};
/* End PBXFrameworksBuildPhase section */

/* Begin PBXGroup section */
		420080241C5A458B009009E8 /* SoundaramaTests */ = {
			isa = PBXGroup;
			children = (
				420080301C5A461C009009E8 /* Test Cases */,
				4200802F1C5A4614009009E8 /* Supporting Files */,
			);
			path = SoundaramaTests;
			sourceTree = "<group>";
		};
		4200802F1C5A4614009009E8 /* Supporting Files */ = {
			isa = PBXGroup;
			children = (
				420080251C5A458B009009E8 /* SoundaramaTests.swift */,
				420080271C5A458B009009E8 /* Info.plist */,
			);
			name = "Supporting Files";
			sourceTree = "<group>";
		};
		420080301C5A461C009009E8 /* Test Cases */ = {
			isa = PBXGroup;
			children = (
				4280C0D91C5D25DC00B2C9B3 /* MessageTransformerTests.swift */,
				42E81E8E1C5E37E100A9FC57 /* SuiteStoreTests.swift */,
			);
			name = "Test Cases";
			sourceTree = "<group>";
		};
		4200803C1C5BD595009009E8 /* TPKitAdditions */ = {
			isa = PBXGroup;
			children = (
				4200803D1C5BD5A3009009E8 /* UIDevice.swift */,
				4280C0DE1C5D522700B2C9B3 /* Int.swift */,
				42F90EEB1C5E23790010F1C5 /* Set.swift */,
			);
			name = TPKitAdditions;
			sourceTree = "<group>";
		};
		420AA69A1C550A8000F7BB25 /* UI */ = {
			isa = PBXGroup;
			children = (
				42F90EE61C5D740F0010F1C5 /* Theme */,
				420AA69B1C550A8D00F7BB25 /* Decide */,
				420AA69D1C550A9500F7BB25 /* DJ */,
				420AA69C1C550A9100F7BB25 /* Performer */,
			);
			name = UI;
			sourceTree = "<group>";
		};
		420AA69B1C550A8D00F7BB25 /* Decide */ = {
			isa = PBXGroup;
			children = (
				420AA6A81C55236F00F7BB25 /* DecideUserInterface.swift */,
				420AA69E1C550B1700F7BB25 /* DecideViewController.swift */,
				420AA6981C55055F00F7BB25 /* DecideStoryboard.storyboard */,
			);
			name = Decide;
			sourceTree = "<group>";
		};
		420AA69C1C550A9100F7BB25 /* Performer */ = {
			isa = PBXGroup;
			children = (
				42A727BC1C553B8900BFCA47 /* PerformerUserInterface.swift */,
				420AA6A61C551C8600F7BB25 /* PerformerViewController.swift */,
				420AA6A41C551AB300F7BB25 /* PerformerStoryboard.storyboard */,
			);
			name = Performer;
			sourceTree = "<group>";
		};
		420AA69D1C550A9500F7BB25 /* DJ */ = {
			isa = PBXGroup;
			children = (
				421468561C56404C00892786 /* DJUserInterface.swift */,
				42C45A871C58CA8C00888EA8 /* DJViewController.swift */,
				E26EBA941C18A10A00747726 /* AudioStemsViewController.swift */,
				42A727A11C552C4800BFCA47 /* DJStoryboard.storyboard */,
				42E49DAC1C58E4CB00B9C127 /* Views */,
			);
			name = DJ;
			sourceTree = "<group>";
		};
		421468581C56473C00892786 /* Connection */ = {
			isa = PBXGroup;
			children = (
				421468591C56474F00892786 /* PerformerConnectionAdapter.swift */,
			);
			name = Connection;
			sourceTree = "<group>";
		};
		421468621C56751600892786 /* Synchronisation */ = {
			isa = PBXGroup;
			children = (
				4249B59C1C5797920096872D /* ChristiansTimeServer.swift */,
				4249B59E1C57979E0096872D /* ChristiansProcess.swift */,
			);
			name = Synchronisation;
			sourceTree = "<group>";
		};
		4249B5931C5789E00096872D /* Search */ = {
			isa = PBXGroup;
			children = (
				4249B5971C578A5A0096872D /* SearchSocketEndpoint.swift */,
				421468631C567E9600892786 /* SearchStrategy.swift */,
			);
			name = Search;
			sourceTree = "<group>";
		};
		4249B5941C5789E30096872D /* Broadcast */ = {
			isa = PBXGroup;
			children = (
				4249B5951C578A160096872D /* BroadcastSocketEndpoint.swift */,
				421468651C56831F00892786 /* BroadcastStrategy.swift */,
			);
			name = Broadcast;
			sourceTree = "<group>";
		};
		4249B5991C5792190096872D /* Representation */ = {
			isa = PBXGroup;
			children = (
				420080381C5BCA44009009E8 /* Suite.swift */,
				4249B59A1C5792490096872D /* Message.swift */,
			);
			name = Representation;
			sourceTree = "<group>";
		};
		4280C0D61C5D166400B2C9B3 /* Transformation */ = {
			isa = PBXGroup;
			children = (
				4280C0D71C5D1A8A00B2C9B3 /* MessageTransformer.swift */,
			);
			name = Transformation;
			sourceTree = "<group>";
		};
		4280C0DB1C5D4C9200B2C9B3 /* Debug */ = {
			isa = PBXGroup;
			children = (
				4280C0DC1C5D4CAD00B2C9B3 /* MessageLogger.swift */,
			);
			name = Debug;
			sourceTree = "<group>";
		};
		42A55C121C0F2AE900FD6C7D /* Resources */ = {
			isa = PBXGroup;
			children = (
				E20B946A1C1753C800222A2B /* LaunchScreen.storyboard */,
				E26EBAA21C18AF4700747726 /* Localizable.strings */,
				E20B94641C1753B900222A2B /* Assets.xcassets */,
				E25F9E0D1C19D7B2001D552F /* Sounds */,
			);
			name = Resources;
			sourceTree = "<group>";
		};
		42A55C131C0F2AF400FD6C7D /* Supporting Files */ = {
			isa = PBXGroup;
			children = (
				E26EBA971C18A3A000747726 /* SwiftyJSON.swift */,
				E25279E01BF61B23008B4690 /* Soundarama-Bridging-Header.h */,
				E25279D11BF606C8008B4690 /* Info.plist */,
				42E8BE191C54FB730034F1C8 /* Legacy */,
				DFBAD41E1C64C346004C1D47 /* SpringMesh.swift */,
			);
			name = "Supporting Files";
			sourceTree = "<group>";
		};
		42A727B91C553A7C00BFCA47 /* Model */ = {
			isa = PBXGroup;
			children = (
				42B37E931C5FAE1E003DF5A6 /* Audio Player */,
				4200803C1C5BD595009009E8 /* TPKitAdditions */,
				4249B5991C5792190096872D /* Representation */,
				4280C0D61C5D166400B2C9B3 /* Transformation */,
				42C45A821C57DE5700888EA8 /* Data Store */,
				421468581C56473C00892786 /* Connection */,
				42AFC6661C55806A00AD4B9B /* Serialisation */,
				421468621C56751600892786 /* Synchronisation */,
				42AFC6511C5542DA00AD4B9B /* TP2P */,
			);
			name = Model;
			sourceTree = "<group>";
		};
		42AFC6511C5542DA00AD4B9B /* TP2P */ = {
			isa = PBXGroup;
			children = (
				421468541C56345700892786 /* TP2P.swift */,
				421468671C568EC600892786 /* SocketEndpoint.swift */,
				4249B5941C5789E30096872D /* Broadcast */,
				4249B5931C5789E00096872D /* Search */,
			);
			name = TP2P;
			sourceTree = "<group>";
		};
		42AFC6661C55806A00AD4B9B /* Serialisation */ = {
			isa = PBXGroup;
			children = (
				421468601C56672500892786 /* Serialisation.swift */,
				42AFC6621C55802000AD4B9B /* ReadableMessageAdapter.swift */,
				42AFC6641C55805300AD4B9B /* WriteableMessageAdapter.swift */,
			);
			name = Serialisation;
			sourceTree = "<group>";
		};
		42B37E931C5FAE1E003DF5A6 /* Audio Player */ = {
			isa = PBXGroup;
			children = (
				E26EBAB31C199DC000747726 /* PerformerAudioController.swift */,
			);
			name = "Audio Player";
			sourceTree = "<group>";
		};
		42C45A821C57DE5700888EA8 /* Data Store */ = {
			isa = PBXGroup;
			children = (
				4200803A1C5BD289009009E8 /* SuiteStore.swift */,
				42C45A851C57DF2100888EA8 /* AudioStemStore.swift */,
			);
			name = "Data Store";
			sourceTree = "<group>";
		};
		42E49DAC1C58E4CB00B9C127 /* Views */ = {
			isa = PBXGroup;
			children = (
				42E49DAD1C58F20D00B9C127 /* SoundZoneCollectionViewCell.swift */,
				E20B94921C188BF700222A2B /* SoundZoneView.swift */,
				E26EBAAA1C18C22200747726 /* PerformerView.swift */,
			);
			name = Views;
			sourceTree = "<group>";
		};
		42E8BE151C54FB440034F1C8 /* App */ = {
			isa = PBXGroup;
			children = (
				426A26E21C720BE8003FE38D /* AppDelegate.swift */,
				42E8BE1F1C54FF470034F1C8 /* Soundarama.swift */,
				420080361C5BAD50009009E8 /* SoundaramaDependencies.swift */,
			);
			name = App;
			sourceTree = "<group>";
		};
		42E8BE161C54FB470034F1C8 /* Use Cases */ = {
			isa = PBXGroup;
			children = (
				42E8BE1E1C54FCF90034F1C8 /* Decide */,
				42E8BE181C54FB6D0034F1C8 /* DJ */,
				42E8BE171C54FB690034F1C8 /* Performer */,
			);
			name = "Use Cases";
			sourceTree = "<group>";
		};
		42E8BE171C54FB690034F1C8 /* Performer */ = {
			isa = PBXGroup;
			children = (
				42A727A71C552D5D00BFCA47 /* PerformerModule.swift */,
				42A727A31C552D0200BFCA47 /* PerformerWireframe.swift */,
				42A727A51C552D3800BFCA47 /* PerformerPresenter.swift */,
				42A727A91C552D9400BFCA47 /* PerformerInteractor.swift */,
				42A727B71C5537CF00BFCA47 /* PerformerUseCase.swift */,
			);
			name = Performer;
			sourceTree = "<group>";
		};
		42E8BE181C54FB6D0034F1C8 /* DJ */ = {
			isa = PBXGroup;
			children = (
				42A727AF1C552E2800BFCA47 /* DJModule.swift */,
				42A727B11C552E5D00BFCA47 /* DJWireframe.swift */,
				42A727B31C552E7400BFCA47 /* DJPresenter.swift */,
				42A727B51C552E8D00BFCA47 /* DJInteractor.swift */,
				42AFC6561C554F5A00AD4B9B /* DJUseCase.swift */,
			);
			name = DJ;
			sourceTree = "<group>";
		};
		42E8BE191C54FB730034F1C8 /* Legacy */ = {
			isa = PBXGroup;
			children = (
				E26EBA991C18A4E600747726 /* UIColor+Hex.swift */,
				E20B94751C17541E00222A2B /* AudioController.h */,
				E20B94761C17541E00222A2B /* AudioController.mm */,
				E20B94791C17541E00222A2B /* VolumeControl.h */,
				E20B947A1C17541E00222A2B /* VolumeControl.m */,
			);
			name = Legacy;
			sourceTree = "<group>";
		};
		42E8BE1E1C54FCF90034F1C8 /* Decide */ = {
			isa = PBXGroup;
			children = (
				42A727AB1C552DCA00BFCA47 /* DecideModule.swift */,
				420AA6AA1C55288E00F7BB25 /* DecideWireframe.swift */,
				420AA6AC1C55296E00F7BB25 /* DecidePresenter.swift */,
				42A727AD1C552DDF00BFCA47 /* DecideInteractor.swift */,
			);
			name = Decide;
			sourceTree = "<group>";
		};
		42F90EE61C5D740F0010F1C5 /* Theme */ = {
			isa = PBXGroup;
			children = (
				42F90EE71C5D74280010F1C5 /* UIColor.swift */,
				42F90EE91C5D74920010F1C5 /* UIFont.swift */,
			);
			name = Theme;
			sourceTree = "<group>";
		};
		C34F38C4A45FFA16F71BF5A1 /* Pods */ = {
			isa = PBXGroup;
			children = (
				77BC4CC2D47B6C11CBA7895E /* Pods.debug.xcconfig */,
				5A219AD37DBE00A8997FD63D /* Pods.release.xcconfig */,
			);
			name = Pods;
			sourceTree = "<group>";
		};
		E25279B91BF606C8008B4690 = {
			isa = PBXGroup;
			children = (
				E25279C41BF606C8008B4690 /* Soundarama */,
				420080241C5A458B009009E8 /* SoundaramaTests */,
				E25279C31BF606C8008B4690 /* Products */,
				C34F38C4A45FFA16F71BF5A1 /* Pods */,
				FF8F05C000FBA5897614E1FA /* Frameworks */,
			);
			sourceTree = "<group>";
		};
		E25279C31BF606C8008B4690 /* Products */ = {
			isa = PBXGroup;
			children = (
				E25279C21BF606C8008B4690 /* Soundarama.app */,
				420080231C5A458B009009E8 /* SoundaramaTests.xctest */,
			);
			name = Products;
			sourceTree = "<group>";
		};
		E25279C41BF606C8008B4690 /* Soundarama */ = {
			isa = PBXGroup;
			children = (
				42E8BE151C54FB440034F1C8 /* App */,
				42E8BE161C54FB470034F1C8 /* Use Cases */,
				420AA69A1C550A8000F7BB25 /* UI */,
				42A727B91C553A7C00BFCA47 /* Model */,
				4280C0DB1C5D4C9200B2C9B3 /* Debug */,
				42A55C131C0F2AF400FD6C7D /* Supporting Files */,
				42A55C121C0F2AE900FD6C7D /* Resources */,
			);
			path = Soundarama;
			sourceTree = "<group>";
		};
		FF8F05C000FBA5897614E1FA /* Frameworks */ = {
			isa = PBXGroup;
			children = (
				7A6AF1798DDD888B0BEABD3A /* Pods.framework */,
			);
			name = Frameworks;
			sourceTree = "<group>";
		};
/* End PBXGroup section */

/* Begin PBXNativeTarget section */
		420080221C5A458B009009E8 /* SoundaramaTests */ = {
			isa = PBXNativeTarget;
			buildConfigurationList = 4200802C1C5A458B009009E8 /* Build configuration list for PBXNativeTarget "SoundaramaTests" */;
			buildPhases = (
				4200801F1C5A458B009009E8 /* Sources */,
				420080201C5A458B009009E8 /* Frameworks */,
				420080211C5A458B009009E8 /* Resources */,
			);
			buildRules = (
			);
			dependencies = (
				420080291C5A458B009009E8 /* PBXTargetDependency */,
			);
			name = SoundaramaTests;
			productName = SoundaramaTests;
			productReference = 420080231C5A458B009009E8 /* SoundaramaTests.xctest */;
			productType = "com.apple.product-type.bundle.unit-test";
		};
		E25279C11BF606C8008B4690 /* Soundarama */ = {
			isa = PBXNativeTarget;
			buildConfigurationList = E25279D41BF606C8008B4690 /* Build configuration list for PBXNativeTarget "Soundarama" */;
			buildPhases = (
				AEE2ACA9561B59A153E16D41 /* Check Pods Manifest.lock */,
				E25279BE1BF606C8008B4690 /* Sources */,
				E25279BF1BF606C8008B4690 /* Frameworks */,
				E25279C01BF606C8008B4690 /* Resources */,
				E2527A2F1BF638A9008B4690 /* CopyFiles */,
				7E837FEB9687B373D5960E75 /* Embed Pods Frameworks */,
				9B74FB4FDE99DD67B5F9E735 /* Copy Pods Resources */,
			);
			buildRules = (
			);
			dependencies = (
			);
			name = Soundarama;
			productName = Soundarama;
			productReference = E25279C21BF606C8008B4690 /* Soundarama.app */;
			productType = "com.apple.product-type.application";
		};
/* End PBXNativeTarget section */

/* Begin PBXProject section */
		E25279BA1BF606C8008B4690 /* Project object */ = {
			isa = PBXProject;
			attributes = {
				LastSwiftUpdateCheck = 0720;
				LastUpgradeCheck = 0710;
				ORGANIZATIONNAME = "Touchpress Ltd";
				TargetAttributes = {
					420080221C5A458B009009E8 = {
						CreatedOnToolsVersion = 7.2;
						TestTargetID = E25279C11BF606C8008B4690;
					};
					E25279C11BF606C8008B4690 = {
						CreatedOnToolsVersion = 7.1.1;
						DevelopmentTeam = VM73AJJ5PP;
					};
				};
			};
			buildConfigurationList = E25279BD1BF606C8008B4690 /* Build configuration list for PBXProject "Soundarama" */;
			compatibilityVersion = "Xcode 3.2";
			developmentRegion = English;
			hasScannedForEncodings = 0;
			knownRegions = (
				en,
				Base,
			);
			mainGroup = E25279B91BF606C8008B4690;
			productRefGroup = E25279C31BF606C8008B4690 /* Products */;
			projectDirPath = "";
			projectRoot = "";
			targets = (
				E25279C11BF606C8008B4690 /* Soundarama */,
				420080221C5A458B009009E8 /* SoundaramaTests */,
			);
		};
/* End PBXProject section */

/* Begin PBXResourcesBuildPhase section */
		420080211C5A458B009009E8 /* Resources */ = {
			isa = PBXResourcesBuildPhase;
			buildActionMask = 2147483647;
			files = (
			);
			runOnlyForDeploymentPostprocessing = 0;
		};
		E25279C01BF606C8008B4690 /* Resources */ = {
			isa = PBXResourcesBuildPhase;
			buildActionMask = 2147483647;
			files = (
				420AA6A51C551AB300F7BB25 /* PerformerStoryboard.storyboard in Resources */,
				E20B946C1C1753C800222A2B /* LaunchScreen.storyboard in Resources */,
				E26EBAA31C18AF4700747726 /* Localizable.strings in Resources */,
				42A727A21C552C4800BFCA47 /* DJStoryboard.storyboard in Resources */,
				420AA6991C55055F00F7BB25 /* DecideStoryboard.storyboard in Resources */,
				E25F9E0E1C19D7B2001D552F /* Sounds in Resources */,
				E20B94681C1753B900222A2B /* Assets.xcassets in Resources */,
			);
			runOnlyForDeploymentPostprocessing = 0;
		};
/* End PBXResourcesBuildPhase section */

/* Begin PBXShellScriptBuildPhase section */
		7E837FEB9687B373D5960E75 /* Embed Pods Frameworks */ = {
			isa = PBXShellScriptBuildPhase;
			buildActionMask = 2147483647;
			files = (
			);
			inputPaths = (
			);
			name = "Embed Pods Frameworks";
			outputPaths = (
			);
			runOnlyForDeploymentPostprocessing = 0;
			shellPath = /bin/sh;
			shellScript = "\"${SRCROOT}/Pods/Target Support Files/Pods/Pods-frameworks.sh\"\n";
			showEnvVarsInLog = 0;
		};
		9B74FB4FDE99DD67B5F9E735 /* Copy Pods Resources */ = {
			isa = PBXShellScriptBuildPhase;
			buildActionMask = 2147483647;
			files = (
			);
			inputPaths = (
			);
			name = "Copy Pods Resources";
			outputPaths = (
			);
			runOnlyForDeploymentPostprocessing = 0;
			shellPath = /bin/sh;
			shellScript = "\"${SRCROOT}/Pods/Target Support Files/Pods/Pods-resources.sh\"\n";
			showEnvVarsInLog = 0;
		};
		AEE2ACA9561B59A153E16D41 /* Check Pods Manifest.lock */ = {
			isa = PBXShellScriptBuildPhase;
			buildActionMask = 2147483647;
			files = (
			);
			inputPaths = (
			);
			name = "Check Pods Manifest.lock";
			outputPaths = (
			);
			runOnlyForDeploymentPostprocessing = 0;
			shellPath = /bin/sh;
			shellScript = "diff \"${PODS_ROOT}/../Podfile.lock\" \"${PODS_ROOT}/Manifest.lock\" > /dev/null\nif [[ $? != 0 ]] ; then\n    cat << EOM\nerror: The sandbox is not in sync with the Podfile.lock. Run 'pod install' or update your CocoaPods installation.\nEOM\n    exit 1\nfi\n";
			showEnvVarsInLog = 0;
		};
/* End PBXShellScriptBuildPhase section */

/* Begin PBXSourcesBuildPhase section */
		4200801F1C5A458B009009E8 /* Sources */ = {
			isa = PBXSourcesBuildPhase;
			buildActionMask = 2147483647;
			files = (
				42E81E8F1C5E37E100A9FC57 /* SuiteStoreTests.swift in Sources */,
				420080261C5A458B009009E8 /* SoundaramaTests.swift in Sources */,
				4280C0DA1C5D25DC00B2C9B3 /* MessageTransformerTests.swift in Sources */,
			);
			runOnlyForDeploymentPostprocessing = 0;
		};
		E25279BE1BF606C8008B4690 /* Sources */ = {
			isa = PBXSourcesBuildPhase;
			buildActionMask = 2147483647;
			files = (
				42A727AA1C552D9400BFCA47 /* PerformerInteractor.swift in Sources */,
				4249B5981C578A5A0096872D /* SearchSocketEndpoint.swift in Sources */,
				420AA69F1C550B1700F7BB25 /* DecideViewController.swift in Sources */,
				4280C0DF1C5D522700B2C9B3 /* Int.swift in Sources */,
				42A727B81C5537CF00BFCA47 /* PerformerUseCase.swift in Sources */,
				421468681C568EC600892786 /* SocketEndpoint.swift in Sources */,
				42A727B01C552E2800BFCA47 /* DJModule.swift in Sources */,
				420080371C5BAD50009009E8 /* SoundaramaDependencies.swift in Sources */,
				42A727BD1C553B8900BFCA47 /* PerformerUserInterface.swift in Sources */,
				42A727B61C552E8D00BFCA47 /* DJInteractor.swift in Sources */,
				E20B94841C17541E00222A2B /* VolumeControl.m in Sources */,
				42A727A61C552D3800BFCA47 /* PerformerPresenter.swift in Sources */,
				42C45A861C57DF2100888EA8 /* AudioStemStore.swift in Sources */,
				42F90EEA1C5D74920010F1C5 /* UIFont.swift in Sources */,
				42F90EEC1C5E23790010F1C5 /* Set.swift in Sources */,
				42AFC6631C55802000AD4B9B /* ReadableMessageAdapter.swift in Sources */,
				4249B5961C578A160096872D /* BroadcastSocketEndpoint.swift in Sources */,
				421468571C56404C00892786 /* DJUserInterface.swift in Sources */,
				42F90EE81C5D74280010F1C5 /* UIColor.swift in Sources */,
				42AFC6571C554F5A00AD4B9B /* DJUseCase.swift in Sources */,
				4249B59D1C5797920096872D /* ChristiansTimeServer.swift in Sources */,
				421468551C56345700892786 /* TP2P.swift in Sources */,
				42E49DAE1C58F20D00B9C127 /* SoundZoneCollectionViewCell.swift in Sources */,
				DFBAD41F1C64C346004C1D47 /* SpringMesh.swift in Sources */,
				E26EBA981C18A3A000747726 /* SwiftyJSON.swift in Sources */,
				42AFC6651C55805300AD4B9B /* WriteableMessageAdapter.swift in Sources */,
				4200803B1C5BD289009009E8 /* SuiteStore.swift in Sources */,
				4249B59B1C5792490096872D /* Message.swift in Sources */,
				420AA6A71C551C8600F7BB25 /* PerformerViewController.swift in Sources */,
				421468661C56831F00892786 /* BroadcastStrategy.swift in Sources */,
				42E8BE201C54FF470034F1C8 /* Soundarama.swift in Sources */,
				42A727AC1C552DCA00BFCA47 /* DecideModule.swift in Sources */,
				426A26E31C720BE8003FE38D /* AppDelegate.swift in Sources */,
				4280C0D81C5D1A8A00B2C9B3 /* MessageTransformer.swift in Sources */,
				42A727B21C552E5D00BFCA47 /* DJWireframe.swift in Sources */,
				420AA6AB1C55288E00F7BB25 /* DecideWireframe.swift in Sources */,
				42C45A881C58CA8C00888EA8 /* DJViewController.swift in Sources */,
				42A727A41C552D0200BFCA47 /* PerformerWireframe.swift in Sources */,
				E26EBA951C18A10A00747726 /* AudioStemsViewController.swift in Sources */,
				42A727B41C552E7400BFCA47 /* DJPresenter.swift in Sources */,
				E26EBA9A1C18A4E600747726 /* UIColor+Hex.swift in Sources */,
				421468641C567E9600892786 /* SearchStrategy.swift in Sources */,
				4249B59F1C57979E0096872D /* ChristiansProcess.swift in Sources */,
				421468611C56672500892786 /* Serialisation.swift in Sources */,
				E26EBAAB1C18C22200747726 /* PerformerView.swift in Sources */,
				420AA6AD1C55296E00F7BB25 /* DecidePresenter.swift in Sources */,
				E20B94931C188BF700222A2B /* SoundZoneView.swift in Sources */,
				4280C0DD1C5D4CAD00B2C9B3 /* MessageLogger.swift in Sources */,
				42A727A81C552D5D00BFCA47 /* PerformerModule.swift in Sources */,
				4214685A1C56474F00892786 /* PerformerConnectionAdapter.swift in Sources */,
				420080391C5BCA44009009E8 /* Suite.swift in Sources */,
				E20B94811C17541E00222A2B /* AudioController.mm in Sources */,
				E26EBAB41C199DC000747726 /* PerformerAudioController.swift in Sources */,
				420AA6A91C55236F00F7BB25 /* DecideUserInterface.swift in Sources */,
				42A727AE1C552DDF00BFCA47 /* DecideInteractor.swift in Sources */,
				4200803E1C5BD5A3009009E8 /* UIDevice.swift in Sources */,
			);
			runOnlyForDeploymentPostprocessing = 0;
		};
/* End PBXSourcesBuildPhase section */

/* Begin PBXTargetDependency section */
		420080291C5A458B009009E8 /* PBXTargetDependency */ = {
			isa = PBXTargetDependency;
			target = E25279C11BF606C8008B4690 /* Soundarama */;
			targetProxy = 420080281C5A458B009009E8 /* PBXContainerItemProxy */;
		};
/* End PBXTargetDependency section */

/* Begin PBXVariantGroup section */
		E20B946A1C1753C800222A2B /* LaunchScreen.storyboard */ = {
			isa = PBXVariantGroup;
			children = (
				E20B946B1C1753C800222A2B /* Base */,
			);
			name = LaunchScreen.storyboard;
			sourceTree = "<group>";
		};
/* End PBXVariantGroup section */

/* Begin XCBuildConfiguration section */
		4200802A1C5A458B009009E8 /* Debug */ = {
			isa = XCBuildConfiguration;
			buildSettings = {
				BUNDLE_LOADER = "$(TEST_HOST)";
				INFOPLIST_FILE = SoundaramaTests/Info.plist;
				IPHONEOS_DEPLOYMENT_TARGET = 9.2;
				LD_RUNPATH_SEARCH_PATHS = "$(inherited) @executable_path/Frameworks @loader_path/Frameworks";
				PRODUCT_BUNDLE_IDENTIFIER = com.touchpress.SoundaramaTests;
				PRODUCT_NAME = "$(TARGET_NAME)";
				TEST_HOST = "$(BUILT_PRODUCTS_DIR)/Soundarama.app/Soundarama";
			};
			name = Debug;
		};
		4200802B1C5A458B009009E8 /* Release */ = {
			isa = XCBuildConfiguration;
			buildSettings = {
				BUNDLE_LOADER = "$(TEST_HOST)";
				INFOPLIST_FILE = SoundaramaTests/Info.plist;
				IPHONEOS_DEPLOYMENT_TARGET = 9.2;
				LD_RUNPATH_SEARCH_PATHS = "$(inherited) @executable_path/Frameworks @loader_path/Frameworks";
				PRODUCT_BUNDLE_IDENTIFIER = com.touchpress.SoundaramaTests;
				PRODUCT_NAME = "$(TARGET_NAME)";
				TEST_HOST = "$(BUILT_PRODUCTS_DIR)/Soundarama.app/Soundarama";
			};
			name = Release;
		};
		E25279D21BF606C8008B4690 /* Debug */ = {
			isa = XCBuildConfiguration;
			buildSettings = {
				ALWAYS_SEARCH_USER_PATHS = NO;
				CLANG_CXX_LANGUAGE_STANDARD = "gnu++0x";
				CLANG_CXX_LIBRARY = "libc++";
				CLANG_ENABLE_MODULES = YES;
				CLANG_ENABLE_OBJC_ARC = YES;
				CLANG_WARN_BOOL_CONVERSION = YES;
				CLANG_WARN_CONSTANT_CONVERSION = YES;
				CLANG_WARN_DIRECT_OBJC_ISA_USAGE = YES_ERROR;
				CLANG_WARN_EMPTY_BODY = YES;
				CLANG_WARN_ENUM_CONVERSION = YES;
				CLANG_WARN_INT_CONVERSION = YES;
				CLANG_WARN_OBJC_ROOT_CLASS = YES_ERROR;
				CLANG_WARN_UNREACHABLE_CODE = YES;
				CLANG_WARN__DUPLICATE_METHOD_MATCH = YES;
				"CODE_SIGN_IDENTITY[sdk=iphoneos*]" = "iPhone Developer";
				COPY_PHASE_STRIP = NO;
				DEBUG_INFORMATION_FORMAT = dwarf;
				ENABLE_STRICT_OBJC_MSGSEND = YES;
				ENABLE_TESTABILITY = YES;
				GCC_C_LANGUAGE_STANDARD = gnu99;
				GCC_DYNAMIC_NO_PIC = NO;
				GCC_NO_COMMON_BLOCKS = YES;
				GCC_OPTIMIZATION_LEVEL = 0;
				GCC_PREPROCESSOR_DEFINITIONS = (
					"DEBUG=1",
					"$(inherited)",
				);
				GCC_WARN_64_TO_32_BIT_CONVERSION = YES;
				GCC_WARN_ABOUT_RETURN_TYPE = YES_ERROR;
				GCC_WARN_UNDECLARED_SELECTOR = YES;
				GCC_WARN_UNINITIALIZED_AUTOS = YES_AGGRESSIVE;
				GCC_WARN_UNUSED_FUNCTION = YES;
				GCC_WARN_UNUSED_VARIABLE = YES;
				IPHONEOS_DEPLOYMENT_TARGET = 9.1;
				MTL_ENABLE_DEBUG_INFO = YES;
				ONLY_ACTIVE_ARCH = YES;
				SDKROOT = iphoneos;
				SWIFT_OPTIMIZATION_LEVEL = "-Onone";
			};
			name = Debug;
		};
		E25279D31BF606C8008B4690 /* Release */ = {
			isa = XCBuildConfiguration;
			buildSettings = {
				ALWAYS_SEARCH_USER_PATHS = NO;
				CLANG_CXX_LANGUAGE_STANDARD = "gnu++0x";
				CLANG_CXX_LIBRARY = "libc++";
				CLANG_ENABLE_MODULES = YES;
				CLANG_ENABLE_OBJC_ARC = YES;
				CLANG_WARN_BOOL_CONVERSION = YES;
				CLANG_WARN_CONSTANT_CONVERSION = YES;
				CLANG_WARN_DIRECT_OBJC_ISA_USAGE = YES_ERROR;
				CLANG_WARN_EMPTY_BODY = YES;
				CLANG_WARN_ENUM_CONVERSION = YES;
				CLANG_WARN_INT_CONVERSION = YES;
				CLANG_WARN_OBJC_ROOT_CLASS = YES_ERROR;
				CLANG_WARN_UNREACHABLE_CODE = YES;
				CLANG_WARN__DUPLICATE_METHOD_MATCH = YES;
				"CODE_SIGN_IDENTITY[sdk=iphoneos*]" = "iPhone Developer";
				COPY_PHASE_STRIP = NO;
				DEBUG_INFORMATION_FORMAT = "dwarf-with-dsym";
				ENABLE_NS_ASSERTIONS = NO;
				ENABLE_STRICT_OBJC_MSGSEND = YES;
				GCC_C_LANGUAGE_STANDARD = gnu99;
				GCC_NO_COMMON_BLOCKS = YES;
				GCC_WARN_64_TO_32_BIT_CONVERSION = YES;
				GCC_WARN_ABOUT_RETURN_TYPE = YES_ERROR;
				GCC_WARN_UNDECLARED_SELECTOR = YES;
				GCC_WARN_UNINITIALIZED_AUTOS = YES_AGGRESSIVE;
				GCC_WARN_UNUSED_FUNCTION = YES;
				GCC_WARN_UNUSED_VARIABLE = YES;
				IPHONEOS_DEPLOYMENT_TARGET = 9.1;
				MTL_ENABLE_DEBUG_INFO = NO;
				SDKROOT = iphoneos;
				VALIDATE_PRODUCT = YES;
			};
			name = Release;
		};
		E25279D51BF606C8008B4690 /* Debug */ = {
			isa = XCBuildConfiguration;
			baseConfigurationReference = 77BC4CC2D47B6C11CBA7895E /* Pods.debug.xcconfig */;
			buildSettings = {
				ASSETCATALOG_COMPILER_APPICON_NAME = AppIcon;
				CODE_SIGN_IDENTITY = "iPhone Developer";
				"CODE_SIGN_IDENTITY[sdk=iphoneos*]" = "iPhone Developer";
				INFOPLIST_FILE = Soundarama/Info.plist;
				IPHONEOS_DEPLOYMENT_TARGET = 8.0;
				LD_RUNPATH_SEARCH_PATHS = "$(inherited) @executable_path/Frameworks";
				PRODUCT_BUNDLE_IDENTIFIER = com.touchpress.flv.Soundarama;
				PRODUCT_NAME = "$(TARGET_NAME)";
				PROVISIONING_PROFILE = "";
				SWIFT_OBJC_BRIDGING_HEADER = "Soundarama/Resources/Soundarama-Bridging-Header.h";
				TARGETED_DEVICE_FAMILY = "1,2";
			};
			name = Debug;
		};
		E25279D61BF606C8008B4690 /* Release */ = {
			isa = XCBuildConfiguration;
			baseConfigurationReference = 5A219AD37DBE00A8997FD63D /* Pods.release.xcconfig */;
			buildSettings = {
				ASSETCATALOG_COMPILER_APPICON_NAME = AppIcon;
				CODE_SIGN_IDENTITY = "iPhone Developer";
				"CODE_SIGN_IDENTITY[sdk=iphoneos*]" = "iPhone Developer";
				INFOPLIST_FILE = Soundarama/Info.plist;
				IPHONEOS_DEPLOYMENT_TARGET = 8.0;
				LD_RUNPATH_SEARCH_PATHS = "$(inherited) @executable_path/Frameworks";
				PRODUCT_BUNDLE_IDENTIFIER = com.touchpress.flv.Soundarama;
				PRODUCT_NAME = "$(TARGET_NAME)";
				PROVISIONING_PROFILE = "";
				SWIFT_OBJC_BRIDGING_HEADER = "Soundarama/Resources/Soundarama-Bridging-Header.h";
				TARGETED_DEVICE_FAMILY = "1,2";
			};
			name = Release;
		};
/* End XCBuildConfiguration section */

/* Begin XCConfigurationList section */
		4200802C1C5A458B009009E8 /* Build configuration list for PBXNativeTarget "SoundaramaTests" */ = {
			isa = XCConfigurationList;
			buildConfigurations = (
				4200802A1C5A458B009009E8 /* Debug */,
				4200802B1C5A458B009009E8 /* Release */,
			);
			defaultConfigurationIsVisible = 0;
			defaultConfigurationName = Release;
		};
		E25279BD1BF606C8008B4690 /* Build configuration list for PBXProject "Soundarama" */ = {
			isa = XCConfigurationList;
			buildConfigurations = (
				E25279D21BF606C8008B4690 /* Debug */,
				E25279D31BF606C8008B4690 /* Release */,
			);
			defaultConfigurationIsVisible = 0;
			defaultConfigurationName = Release;
		};
		E25279D41BF606C8008B4690 /* Build configuration list for PBXNativeTarget "Soundarama" */ = {
			isa = XCConfigurationList;
			buildConfigurations = (
				E25279D51BF606C8008B4690 /* Debug */,
				E25279D61BF606C8008B4690 /* Release */,
			);
			defaultConfigurationIsVisible = 0;
			defaultConfigurationName = Release;
		};
/* End XCConfigurationList section */
	};
	rootObject = E25279BA1BF606C8008B4690 /* Project object */;
}
